
Microsoft Visual Studio Solution File, Format Version 12.00
# Visual Studio Version 17
VisualStudioVersion = 17.0.31903.59
MinimumVisualStudioVersion = 10.0.40219.1
Project("{FAE04EC0-301F-11D3-BF4B-00C04F79EFBC}") = "Misbah.BlazorDesktop", "Misbah.BlazorDesktop\Misbah.BlazorDesktop.csproj", "{1EC6F7C9-1C2D-4E9A-9804-865ED2B91973}"
EndProject
Project("{FAE04EC0-301F-11D3-BF4B-00C04F79EFBC}") = "Misbah.Core", "Misbah.Core\Misbah.Core.csproj", "{377B69EA-038F-455C-8B6C-5CB27FF5EE24}"
EndProject
Project("{FAE04EC0-301F-11D3-BF4B-00C04F79EFBC}") = "Misbah.Core.Tests", "Misbah.Core.Tests\Misbah.Core.Tests.csproj", "{19CCE827-DA28-43EB-A61A-5E5DB11889A5}"
EndProject
Project("{FAE04EC0-301F-11D3-BF4B-00C04F79EFBC}") = "Misbah.Domain", "Misbah.Domain\Misbah.Domain.csproj", "{D4A7F8B6-9C3E-4F5A-8B2D-1E6F7A9B3C4E}"
EndProject
Project("{FAE04EC0-301F-11D3-BF4B-00C04F79EFBC}") = "Misbah.Application", "Misbah.Application\Misbah.Application.csproj", "{E4B82E28-6E39-0DB8-A568-D853947D80A1}"
EndProject
Project("{FAE04EC0-301F-11D3-BF4B-00C04F79EFBC}") = "Misbah.Infrastructure", "Misbah.Infrastructure\Misbah.Infrastructure.csproj", "{43A9A764-052E-2F82-975D-A691EDAC24F0}"
EndProject
Project("{FAE04EC0-301F-11D3-BF4B-00C04F79EFBC}") = "Misbah.Application.Tests", "Misbah.Application.Tests\Misbah.Application.Tests.csproj", "{A856C830-F51D-45EF-BFC7-7E9EAC82BCE2}"
EndProject
Global
	GlobalSection(SolutionConfigurationPlatforms) = preSolution
		Debug|Any CPU = Debug|Any CPU
		Debug|x64 = Debug|x64
		Debug|x86 = Debug|x86
		Release|Any CPU = Release|Any CPU
		Release|x64 = Release|x64
		Release|x86 = Release|x86
	EndGlobalSection
	GlobalSection(ProjectConfigurationPlatforms) = postSolution
		{1EC6F7C9-1C2D-4E9A-9804-865ED2B91973}.Debug|Any CPU.ActiveCfg = Debug|Any CPU
		{1EC6F7C9-1C2D-4E9A-9804-865ED2B91973}.Debug|Any CPU.Build.0 = Debug|Any CPU
		{1EC6F7C9-1C2D-4E9A-9804-865ED2B91973}.Debug|x64.ActiveCfg = Debug|Any CPU
		{1EC6F7C9-1C2D-4E9A-9804-865ED2B91973}.Debug|x64.Build.0 = Debug|Any CPU
		{1EC6F7C9-1C2D-4E9A-9804-865ED2B91973}.Debug|x86.ActiveCfg = Debug|Any CPU
		{1EC6F7C9-1C2D-4E9A-9804-865ED2B91973}.Debug|x86.Build.0 = Debug|Any CPU
		{1EC6F7C9-1C2D-4E9A-9804-865ED2B91973}.Release|Any CPU.ActiveCfg = Release|Any CPU
		{1EC6F7C9-1C2D-4E9A-9804-865ED2B91973}.Release|Any CPU.Build.0 = Release|Any CPU
		{1EC6F7C9-1C2D-4E9A-9804-865ED2B91973}.Release|x64.ActiveCfg = Release|Any CPU
		{1EC6F7C9-1C2D-4E9A-9804-865ED2B91973}.Release|x64.Build.0 = Release|Any CPU
		{1EC6F7C9-1C2D-4E9A-9804-865ED2B91973}.Release|x86.ActiveCfg = Release|Any CPU
		{1EC6F7C9-1C2D-4E9A-9804-865ED2B91973}.Release|x86.Build.0 = Release|Any CPU
		{377B69EA-038F-455C-8B6C-5CB27FF5EE24}.Debug|Any CPU.ActiveCfg = Debug|Any CPU
		{377B69EA-038F-455C-8B6C-5CB27FF5EE24}.Debug|Any CPU.Build.0 = Debug|Any CPU
		{377B69EA-038F-455C-8B6C-5CB27FF5EE24}.Debug|x64.ActiveCfg = Debug|Any CPU
		{377B69EA-038F-455C-8B6C-5CB27FF5EE24}.Debug|x64.Build.0 = Debug|Any CPU
		{377B69EA-038F-455C-8B6C-5CB27FF5EE24}.Debug|x86.ActiveCfg = Debug|Any CPU
		{377B69EA-038F-455C-8B6C-5CB27FF5EE24}.Debug|x86.Build.0 = Debug|Any CPU
		{377B69EA-038F-455C-8B6C-5CB27FF5EE24}.Release|Any CPU.ActiveCfg = Release|Any CPU
		{377B69EA-038F-455C-8B6C-5CB27FF5EE24}.Release|Any CPU.Build.0 = Release|Any CPU
		{377B69EA-038F-455C-8B6C-5CB27FF5EE24}.Release|x64.ActiveCfg = Release|Any CPU
		{377B69EA-038F-455C-8B6C-5CB27FF5EE24}.Release|x64.Build.0 = Release|Any CPU
		{377B69EA-038F-455C-8B6C-5CB27FF5EE24}.Release|x86.ActiveCfg = Release|Any CPU
		{377B69EA-038F-455C-8B6C-5CB27FF5EE24}.Release|x86.Build.0 = Release|Any CPU
		{19CCE827-DA28-43EB-A61A-5E5DB11889A5}.Debug|Any CPU.ActiveCfg = Debug|Any CPU
		{19CCE827-DA28-43EB-A61A-5E5DB11889A5}.Debug|Any CPU.Build.0 = Debug|Any CPU
		{19CCE827-DA28-43EB-A61A-5E5DB11889A5}.Debug|x64.ActiveCfg = Debug|Any CPU
		{19CCE827-DA28-43EB-A61A-5E5DB11889A5}.Debug|x64.Build.0 = Debug|Any CPU
		{19CCE827-DA28-43EB-A61A-5E5DB11889A5}.Debug|x86.ActiveCfg = Debug|Any CPU
		{19CCE827-DA28-43EB-A61A-5E5DB11889A5}.Debug|x86.Build.0 = Debug|Any CPU
		{19CCE827-DA28-43EB-A61A-5E5DB11889A5}.Release|Any CPU.ActiveCfg = Release|Any CPU
		{19CCE827-DA28-43EB-A61A-5E5DB11889A5}.Release|Any CPU.Build.0 = Release|Any CPU
		{19CCE827-DA28-43EB-A61A-5E5DB11889A5}.Release|x64.ActiveCfg = Release|Any CPU
		{19CCE827-DA28-43EB-A61A-5E5DB11889A5}.Release|x64.Build.0 = Release|Any CPU
		{19CCE827-DA28-43EB-A61A-5E5DB11889A5}.Release|x86.ActiveCfg = Release|Any CPU
		{19CCE827-DA28-43EB-A61A-5E5DB11889A5}.Release|x86.Build.0 = Release|Any CPU
		{D4A7F8B6-9C3E-4F5A-8B2D-1E6F7A9B3C4E}.Debug|Any CPU.ActiveCfg = Debug|Any CPU
		{D4A7F8B6-9C3E-4F5A-8B2D-1E6F7A9B3C4E}.Debug|Any CPU.Build.0 = Debug|Any CPU
		{D4A7F8B6-9C3E-4F5A-8B2D-1E6F7A9B3C4E}.Debug|x64.ActiveCfg = Debug|Any CPU
		{D4A7F8B6-9C3E-4F5A-8B2D-1E6F7A9B3C4E}.Debug|x64.Build.0 = Debug|Any CPU
		{D4A7F8B6-9C3E-4F5A-8B2D-1E6F7A9B3C4E}.Debug|x86.ActiveCfg = Debug|Any CPU
		{D4A7F8B6-9C3E-4F5A-8B2D-1E6F7A9B3C4E}.Debug|x86.Build.0 = Debug|Any CPU
		{D4A7F8B6-9C3E-4F5A-8B2D-1E6F7A9B3C4E}.Release|Any CPU.ActiveCfg = Release|Any CPU
		{D4A7F8B6-9C3E-4F5A-8B2D-1E6F7A9B3C4E}.Release|Any CPU.Build.0 = Release|Any CPU
		{D4A7F8B6-9C3E-4F5A-8B2D-1E6F7A9B3C4E}.Release|x64.ActiveCfg = Release|Any CPU
		{D4A7F8B6-9C3E-4F5A-8B2D-1E6F7A9B3C4E}.Release|x64.Build.0 = Release|Any CPU
		{D4A7F8B6-9C3E-4F5A-8B2D-1E6F7A9B3C4E}.Release|x86.ActiveCfg = Release|Any CPU
		{D4A7F8B6-9C3E-4F5A-8B2D-1E6F7A9B3C4E}.Release|x86.Build.0 = Release|Any CPU
		{A856C830-F51D-45EF-BFC7-7E9EAC82BCE2}.Debug|Any CPU.ActiveCfg = Debug|Any CPU
		{A856C830-F51D-45EF-BFC7-7E9EAC82BCE2}.Debug|Any CPU.Build.0 = Debug|Any CPU
		{A856C830-F51D-45EF-BFC7-7E9EAC82BCE2}.Debug|x64.ActiveCfg = Debug|Any CPU
		{A856C830-F51D-45EF-BFC7-7E9EAC82BCE2}.Debug|x64.Build.0 = Debug|Any CPU
		{A856C830-F51D-45EF-BFC7-7E9EAC82BCE2}.Debug|x86.ActiveCfg = Debug|Any CPU
		{A856C830-F51D-45EF-BFC7-7E9EAC82BCE2}.Debug|x86.Build.0 = Debug|Any CPU
		{A856C830-F51D-45EF-BFC7-7E9EAC82BCE2}.Release|Any CPU.ActiveCfg = Release|Any CPU
		{A856C830-F51D-45EF-BFC7-7E9EAC82BCE2}.Release|Any CPU.Build.0 = Release|Any CPU
		{A856C830-F51D-45EF-BFC7-7E9EAC82BCE2}.Release|x64.ActiveCfg = Release|Any CPU
		{A856C830-F51D-45EF-BFC7-7E9EAC82BCE2}.Release|x64.Build.0 = Release|Any CPU
		{A856C830-F51D-45EF-BFC7-7E9EAC82BCE2}.Release|x86.ActiveCfg = Release|Any CPU
		{A856C830-F51D-45EF-BFC7-7E9EAC82BCE2}.Release|x86.Build.0 = Release|Any CPU
	EndGlobalSection
	GlobalSection(SolutionProperties) = preSolution
		HideSolutionNode = FALSE
	EndGlobalSection
EndGlobal
