
Microsoft Visual Studio Solution File, Format Version 12.00
# Visual Studio Version 17
VisualStudioVersion = 17.0.31903.59
MinimumVisualStudioVersion = 10.0.40219.1
Project("{FAE04EC0-301F-11D3-BF4B-00C04F79EFBC}") = "Misbah.BlazorDesktop", "Misbah.BlazorDesktop\Misbah.BlazorDesktop.csproj", "{1EC6F7C9-1C2D-4E9A-9804-865ED2B91973}"
EndProject
Project("{FAE04EC0-301F-11D3-BF4B-00C04F79EFBC}") = "Misbah.Core", "Misbah.Core\Misbah.Core.csproj", "{377B69EA-038F-455C-8B6C-5CB27FF5EE24}"
EndProject
Project("{FAE04EC0-301F-11D3-BF4B-00C04F79EFBC}") = "Misbah.Core.Tests", "Misbah.Core.Tests\Misbah.Core.Tests.csproj", "{19CCE827-DA28-43EB-A61A-5E5DB11889A5}"
EndProject
Project("{FAE04EC0-301F-11D3-BF4B-00C04F79EFBC}") = "Misbah.Android", "Misbah.Android\Misbah.Android.csproj", "{41288CB5-A1E7-44B8-BDA6-C63A0E456EFE}"
EndProject
Global
	GlobalSection(SolutionConfigurationPlatforms) = preSolution
		Debug|Any CPU = Debug|Any CPU
		Debug|x64 = Debug|x64
		Debug|x86 = Debug|x86
		Release|Any CPU = Release|Any CPU
		Release|x64 = Release|x64
		Release|x86 = Release|x86
	EndGlobalSection
	GlobalSection(ProjectConfigurationPlatforms) = postSolution
		{1EC6F7C9-1C2D-4E9A-9804-865ED2B91973}.Debug|Any CPU.ActiveCfg = Debug|Any CPU
		{1EC6F7C9-1C2D-4E9A-9804-865ED2B91973}.Debug|Any CPU.Build.0 = Debug|Any CPU
		{1EC6F7C9-1C2D-4E9A-9804-865ED2B91973}.Debug|x64.ActiveCfg = Debug|Any CPU
		{1EC6F7C9-1C2D-4E9A-9804-865ED2B91973}.Debug|x64.Build.0 = Debug|Any CPU
		{1EC6F7C9-1C2D-4E9A-9804-865ED2B91973}.Debug|x86.ActiveCfg = Debug|Any CPU
		{1EC6F7C9-1C2D-4E9A-9804-865ED2B91973}.Debug|x86.Build.0 = Debug|Any CPU
		{1EC6F7C9-1C2D-4E9A-9804-865ED2B91973}.Release|Any CPU.ActiveCfg = Release|Any CPU
		{1EC6F7C9-1C2D-4E9A-9804-865ED2B91973}.Release|Any CPU.Build.0 = Release|Any CPU
		{1EC6F7C9-1C2D-4E9A-9804-865ED2B91973}.Release|x64.ActiveCfg = Release|Any CPU
		{1EC6F7C9-1C2D-4E9A-9804-865ED2B91973}.Release|x64.Build.0 = Release|Any CPU
		{1EC6F7C9-1C2D-4E9A-9804-865ED2B91973}.Release|x86.ActiveCfg = Release|Any CPU
		{1EC6F7C9-1C2D-4E9A-9804-865ED2B91973}.Release|x86.Build.0 = Release|Any CPU
		{377B69EA-038F-455C-8B6C-5CB27FF5EE24}.Debug|Any CPU.ActiveCfg = Debug|Any CPU
		{377B69EA-038F-455C-8B6C-5CB27FF5EE24}.Debug|Any CPU.Build.0 = Debug|Any CPU
		{377B69EA-038F-455C-8B6C-5CB27FF5EE24}.Debug|x64.ActiveCfg = Debug|Any CPU
		{377B69EA-038F-455C-8B6C-5CB27FF5EE24}.Debug|x64.Build.0 = Debug|Any CPU
		{377B69EA-038F-455C-8B6C-5CB27FF5EE24}.Debug|x86.ActiveCfg = Debug|Any CPU
		{377B69EA-038F-455C-8B6C-5CB27FF5EE24}.Debug|x86.Build.0 = Debug|Any CPU
		{377B69EA-038F-455C-8B6C-5CB27FF5EE24}.Release|Any CPU.ActiveCfg = Release|Any CPU
		{377B69EA-038F-455C-8B6C-5CB27FF5EE24}.Release|Any CPU.Build.0 = Release|Any CPU
		{377B69EA-038F-455C-8B6C-5CB27FF5EE24}.Release|x64.ActiveCfg = Release|Any CPU
		{377B69EA-038F-455C-8B6C-5CB27FF5EE24}.Release|x64.Build.0 = Release|Any CPU
		{377B69EA-038F-455C-8B6C-5CB27FF5EE24}.Release|x86.ActiveCfg = Release|Any CPU
		{377B69EA-038F-455C-8B6C-5CB27FF5EE24}.Release|x86.Build.0 = Release|Any CPU
		{19CCE827-DA28-43EB-A61A-5E5DB11889A5}.Debug|Any CPU.ActiveCfg = Debug|Any CPU
		{19CCE827-DA28-43EB-A61A-5E5DB11889A5}.Debug|Any CPU.Build.0 = Debug|Any CPU
		{19CCE827-DA28-43EB-A61A-5E5DB11889A5}.Debug|x64.ActiveCfg = Debug|Any CPU
		{19CCE827-DA28-43EB-A61A-5E5DB11889A5}.Debug|x64.Build.0 = Debug|Any CPU
		{19CCE827-DA28-43EB-A61A-5E5DB11889A5}.Debug|x86.ActiveCfg = Debug|Any CPU
		{19CCE827-DA28-43EB-A61A-5E5DB11889A5}.Debug|x86.Build.0 = Debug|Any CPU
		{19CCE827-DA28-43EB-A61A-5E5DB11889A5}.Release|Any CPU.ActiveCfg = Release|Any CPU
		{19CCE827-DA28-43EB-A61A-5E5DB11889A5}.Release|Any CPU.Build.0 = Release|Any CPU
		{19CCE827-DA28-43EB-A61A-5E5DB11889A5}.Release|x64.ActiveCfg = Release|Any CPU
		{19CCE827-DA28-43EB-A61A-5E5DB11889A5}.Release|x64.Build.0 = Release|Any CPU
		{19CCE827-DA28-43EB-A61A-5E5DB11889A5}.Release|x86.ActiveCfg = Release|Any CPU
		{19CCE827-DA28-43EB-A61A-5E5DB11889A5}.Release|x86.Build.0 = Release|Any CPU
		{41288CB5-A1E7-44B8-BDA6-C63A0E456EFE}.Debug|Any CPU.ActiveCfg = Debug|Any CPU
		{41288CB5-A1E7-44B8-BDA6-C63A0E456EFE}.Debug|Any CPU.Build.0 = Debug|Any CPU
		{41288CB5-A1E7-44B8-BDA6-C63A0E456EFE}.Debug|x64.ActiveCfg = Debug|Any CPU
		{41288CB5-A1E7-44B8-BDA6-C63A0E456EFE}.Debug|x64.Build.0 = Debug|Any CPU
		{41288CB5-A1E7-44B8-BDA6-C63A0E456EFE}.Debug|x86.ActiveCfg = Debug|Any CPU
		{41288CB5-A1E7-44B8-BDA6-C63A0E456EFE}.Debug|x86.Build.0 = Debug|Any CPU
		{41288CB5-A1E7-44B8-BDA6-C63A0E456EFE}.Release|Any CPU.ActiveCfg = Release|Any CPU
		{41288CB5-A1E7-44B8-BDA6-C63A0E456EFE}.Release|Any CPU.Build.0 = Release|Any CPU
		{41288CB5-A1E7-44B8-BDA6-C63A0E456EFE}.Release|x64.ActiveCfg = Release|Any CPU
		{41288CB5-A1E7-44B8-BDA6-C63A0E456EFE}.Release|x64.Build.0 = Release|Any CPU
		{41288CB5-A1E7-44B8-BDA6-C63A0E456EFE}.Release|x86.ActiveCfg = Release|Any CPU
		{41288CB5-A1E7-44B8-BDA6-C63A0E456EFE}.Release|x86.Build.0 = Release|Any CPU
	EndGlobalSection
	GlobalSection(SolutionProperties) = preSolution
		HideSolutionNode = FALSE
	EndGlobalSection
EndGlobal
